
Microsoft Visual Studio Solution File, Format Version 12.00
# Visual Studio Version 16
VisualStudioVersion = 16.0.29324.140
MinimumVisualStudioVersion = 10.0.40219.1
Project("{9A19103F-16F7-4668-BE54-9A1E7A4F7556}") = "core", "core\core.csproj", "{A8C5823F-EB4D-4287-9C27-53F6E18A491A}"
EndProject
Project("{9092AA53-FB77-4645-B42D-1CCCA6BD08BD}") = "cli", "cli\cli.njsproj", "{DF03C2D2-4AAF-4833-91C2-E8A32D443395}"
EndProject
Project("{9092AA53-FB77-4645-B42D-1CCCA6BD08BD}") = "node", "node\node.njsproj", "{7492B479-D480-4FC8-8E1E-0A35BFD3414E}"
EndProject
Project("{2150E333-8FDC-42A3-9474-1A3956D46DE8}") = "lyt-spa", "lyt-spa", "{24F3EE22-5E3A-4072-BE71-8AAF060D0404}"
	ProjectSection(SolutionItems) = preProject
		common.tsconfig.json = common.tsconfig.json
		gulpfile.js = gulpfile.js
		package.json = package.json
		README.md = README.md
	EndProjectSection
EndProject
Global
	GlobalSection(SolutionConfigurationPlatforms) = preSolution
		Debug|Any CPU = Debug|Any CPU
		Release|Any CPU = Release|Any CPU
	EndGlobalSection
	GlobalSection(ProjectConfigurationPlatforms) = postSolution
		{A8C5823F-EB4D-4287-9C27-53F6E18A491A}.Debug|Any CPU.ActiveCfg = Debug|Any CPU
		{A8C5823F-EB4D-4287-9C27-53F6E18A491A}.Debug|Any CPU.Build.0 = Debug|Any CPU
		{A8C5823F-EB4D-4287-9C27-53F6E18A491A}.Release|Any CPU.ActiveCfg = Release|Any CPU
		{A8C5823F-EB4D-4287-9C27-53F6E18A491A}.Release|Any CPU.Build.0 = Release|Any CPU
		{DF03C2D2-4AAF-4833-91C2-E8A32D443395}.Debug|Any CPU.ActiveCfg = Debug|Any CPU
		{DF03C2D2-4AAF-4833-91C2-E8A32D443395}.Debug|Any CPU.Build.0 = Debug|Any CPU
		{DF03C2D2-4AAF-4833-91C2-E8A32D443395}.Release|Any CPU.ActiveCfg = Release|Any CPU
		{DF03C2D2-4AAF-4833-91C2-E8A32D443395}.Release|Any CPU.Build.0 = Release|Any CPU
		{7492B479-D480-4FC8-8E1E-0A35BFD3414E}.Debug|Any CPU.ActiveCfg = Debug|Any CPU
		{7492B479-D480-4FC8-8E1E-0A35BFD3414E}.Debug|Any CPU.Build.0 = Debug|Any CPU
		{7492B479-D480-4FC8-8E1E-0A35BFD3414E}.Release|Any CPU.ActiveCfg = Release|Any CPU
		{7492B479-D480-4FC8-8E1E-0A35BFD3414E}.Release|Any CPU.Build.0 = Release|Any CPU
	EndGlobalSection
	GlobalSection(SolutionProperties) = preSolution
		HideSolutionNode = FALSE
	EndGlobalSection
	GlobalSection(ExtensibilityGlobals) = postSolution
		SolutionGuid = {39831AF4-BEE5-4E59-BAAD-2E559EA4EDEB}
	EndGlobalSection
EndGlobal
