{
  "name": "@lytical/revue-cli",
  "version": "1.0.0",
  "lockfileVersion": 1,
  "requires": true,
  "dependencies": {
    "@types/bootstrap": {
      "version": "4.3.0",
      "resolved": "https://registry.npmjs.org/@types/bootstrap/-/bootstrap-4.3.0.tgz",
      "integrity": "sha512-v1BkpRVgNH9eXE+RtWFP1wh/+SAkPZaxHthS6umqf1sGV0tAvHdPHZpAOB+H74e91ElOxtS56dxbon+lXWk4AQ==",
      "dev": true,
      "requires": {
        "@types/jquery": "*",
        "popper.js": "^1.14.1"
      }
    },
    "@types/jquery": {
      "version": "3.3.31",
      "resolved": "https://registry.npmjs.org/@types/jquery/-/jquery-3.3.31.tgz",
      "integrity": "sha512-Lz4BAJihoFw5nRzKvg4nawXPzutkv7wmfQ5121avptaSIXlDNJCUuxZxX/G+9EVidZGuO0UBlk+YjKbwRKJigg==",
      "dev": true,
      "requires": {
        "@types/sizzle": "*"
      }
    },
    "@types/requirejs": {
      "version": "2.1.31",
      "resolved": "https://registry.npmjs.org/@types/requirejs/-/requirejs-2.1.31.tgz",
      "integrity": "sha512-b2soeyuU76rMbcRJ4e0hEl0tbMhFwZeTC0VZnfuWlfGlk6BwWNsev6kFu/twKABPX29wkX84wU2o+cEJoXsiTw==",
      "dev": true
    },
    "@types/sizzle": {
      "version": "2.3.2",
      "resolved": "https://registry.npmjs.org/@types/sizzle/-/sizzle-2.3.2.tgz",
      "integrity": "sha512-7EJYyKTL7tFR8+gDbB6Wwz/arpGa0Mywk1TJbNzKzHtzbwVmY4HR9WqS5VV7dsBUKQmPNr192jHr/VpBluj/hg==",
      "dev": true
    },
    "@types/sockjs-client": {
      "version": "1.1.1",
      "resolved": "https://registry.npmjs.org/@types/sockjs-client/-/sockjs-client-1.1.1.tgz",
      "integrity": "sha512-DaTdN4kfPNxu0otmQlxhmYeCjtY8cHmJsU6LqiFOrhytIkx8Txq06PwAWYzha7nMkEyju44a3NDpqCKiHn/NZQ==",
      "dev": true
    },
    "@types/vue-router": {
      "version": "2.0.0",
      "resolved": "https://registry.npmjs.org/@types/vue-router/-/vue-router-2.0.0.tgz",
      "integrity": "sha1-gQlPIQfnZqEbIK9/oPNL7B8yHig=",
      "dev": true,
      "requires": {
        "vue-router": "*"
      }
    },
    "popper.js": {
      "version": "1.15.0",
      "resolved": "https://registry.npmjs.org/popper.js/-/popper.js-1.15.0.tgz",
      "integrity": "sha512-w010cY1oCUmI+9KwwlWki+r5jxKfTFDVoadl7MSrIujHU5MJ5OR6HTDj6Xo8aoR/QsA56x8jKjA59qGH4ELtrA==",
      "dev": true
    },
    "requirejs-text": {
      "version": "2.0.15",
      "resolved": "https://registry.npmjs.org/requirejs-text/-/requirejs-text-2.0.15.tgz",
      "integrity": "sha1-ExOHM2E/xEV7fhJH6Mt1HfeqVCk=",
      "dev": true
    },
    "typescript": {
      "version": "3.6.3",
      "resolved": "https://registry.npmjs.org/typescript/-/typescript-3.6.3.tgz",
      "integrity": "sha512-N7bceJL1CtRQ2RiG0AQME13ksR7DiuQh/QehubYcghzv20tnh+MQnQIuJddTmsbqYj+dztchykemz0zFzlvdQw==",
      "dev": true
    },
    "vue-router": {
      "version": "3.1.2",
      "resolved": "https://registry.npmjs.org/vue-router/-/vue-router-3.1.2.tgz",
      "integrity": "sha512-WssQEHSEvIS1/CI4CO2T8LJdoK4Q9Ngox28K7FDNMTfzNTk2WS5D0dDlqYCaPG+AG4Z8wJkn1KrBc7AhspZJUQ==",
      "dev": true
    }
  }
}
